
Microsoft Visual Studio Solution File, Format Version 12.00
Project("{FAE04EC0-301F-11D3-BF4B-00C04F79EFBC}") = "ALDCodeCriticStuff", "ALDCodeCriticStuff\ALDCodeCriticStuff.csproj", "{1A9D3C51-FFD3-40E9-BDF8-E0ADAB79E314}"
EndProject
Project("{FAE04EC0-301F-11D3-BF4B-00C04F79EFBC}") = "TGHStuff", "TGHStuff\TGHStuff.csproj", "{50BC4ED9-CE4F-490A-8B1A-E8EE1DE56808}"
EndProject
Global
	GlobalSection(SolutionConfigurationPlatforms) = preSolution
		Debug|Any CPU = Debug|Any CPU
		Release|Any CPU = Release|Any CPU
	EndGlobalSection
	GlobalSection(ProjectConfigurationPlatforms) = postSolution
		{1A9D3C51-FFD3-40E9-BDF8-E0ADAB79E314}.Debug|Any CPU.ActiveCfg = Debug|Any CPU
		{1A9D3C51-FFD3-40E9-BDF8-E0ADAB79E314}.Debug|Any CPU.Build.0 = Debug|Any CPU
		{1A9D3C51-FFD3-40E9-BDF8-E0ADAB79E314}.Release|Any CPU.ActiveCfg = Release|Any CPU
		{1A9D3C51-FFD3-40E9-BDF8-E0ADAB79E314}.Release|Any CPU.Build.0 = Release|Any CPU
		{50BC4ED9-CE4F-490A-8B1A-E8EE1DE56808}.Debug|Any CPU.ActiveCfg = Debug|Any CPU
		{50BC4ED9-CE4F-490A-8B1A-E8EE1DE56808}.Debug|Any CPU.Build.0 = Debug|Any CPU
		{50BC4ED9-CE4F-490A-8B1A-E8EE1DE56808}.Release|Any CPU.ActiveCfg = Release|Any CPU
		{50BC4ED9-CE4F-490A-8B1A-E8EE1DE56808}.Release|Any CPU.Build.0 = Release|Any CPU
	EndGlobalSection
EndGlobal
